// !$*UTF8*$!
{
	archiveVersion = 1;
	classes = {
	};
	objectVersion = 55;
	objects = {

/* Begin PBXBuildFile section */
		F9DCC0602881A7470091F1BE /* Accessibility_LearningApp.swift in Sources */ = {isa = PBXBuildFile; fileRef = F9DCC05F2881A7470091F1BE /* Accessibility_LearningApp.swift */; };
		F9DCC0622881A7470091F1BE /* ContentView.swift in Sources */ = {isa = PBXBuildFile; fileRef = F9DCC0612881A7470091F1BE /* ContentView.swift */; };
		F9DCC0642881A7490091F1BE /* Assets.xcassets in Resources */ = {isa = PBXBuildFile; fileRef = F9DCC0632881A7490091F1BE /* Assets.xcassets */; };
		F9DCC0672881A7490091F1BE /* Preview Assets.xcassets in Resources */ = {isa = PBXBuildFile; fileRef = F9DCC0662881A7490091F1BE /* Preview Assets.xcassets */; };
		F9DCC0712881A7490091F1BE /* Accessibility_LearningTests.swift in Sources */ = {isa = PBXBuildFile; fileRef = F9DCC0702881A7490091F1BE /* Accessibility_LearningTests.swift */; };
		F9DCC07B2881A7490091F1BE /* Accessibility_LearningUITests.swift in Sources */ = {isa = PBXBuildFile; fileRef = F9DCC07A2881A7490091F1BE /* Accessibility_LearningUITests.swift */; };
		F9DCC07D2881A7490091F1BE /* Accessibility_LearningUITestsLaunchTests.swift in Sources */ = {isa = PBXBuildFile; fileRef = F9DCC07C2881A7490091F1BE /* Accessibility_LearningUITestsLaunchTests.swift */; };
		F9DCC08B2881E9D10091F1BE /* IdentifyingViews.swift in Sources */ = {isa = PBXBuildFile; fileRef = F9DCC08A2881E9D10091F1BE /* IdentifyingViews.swift */; };
/* End PBXBuildFile section */

/* Begin PBXContainerItemProxy section */
		F9DCC06D2881A7490091F1BE /* PBXContainerItemProxy */ = {
			isa = PBXContainerItemProxy;
			containerPortal = F9DCC0542881A7470091F1BE /* Project object */;
			proxyType = 1;
			remoteGlobalIDString = F9DCC05B2881A7470091F1BE;
			remoteInfo = "Accessibility-Learning";
		};
		F9DCC0772881A7490091F1BE /* PBXContainerItemProxy */ = {
			isa = PBXContainerItemProxy;
			containerPortal = F9DCC0542881A7470091F1BE /* Project object */;
			proxyType = 1;
			remoteGlobalIDString = F9DCC05B2881A7470091F1BE;
			remoteInfo = "Accessibility-Learning";
		};
/* End PBXContainerItemProxy section */

/* Begin PBXFileReference section */
		F9DCC05C2881A7470091F1BE /* Accessibility-Learning.app */ = {isa = PBXFileReference; explicitFileType = wrapper.application; includeInIndex = 0; path = "Accessibility-Learning.app"; sourceTree = BUILT_PRODUCTS_DIR; };
		F9DCC05F2881A7470091F1BE /* Accessibility_LearningApp.swift */ = {isa = PBXFileReference; lastKnownFileType = sourcecode.swift; path = Accessibility_LearningApp.swift; sourceTree = "<group>"; };
		F9DCC0612881A7470091F1BE /* ContentView.swift */ = {isa = PBXFileReference; lastKnownFileType = sourcecode.swift; path = ContentView.swift; sourceTree = "<group>"; };
		F9DCC0632881A7490091F1BE /* Assets.xcassets */ = {isa = PBXFileReference; lastKnownFileType = folder.assetcatalog; path = Assets.xcassets; sourceTree = "<group>"; };
		F9DCC0662881A7490091F1BE /* Preview Assets.xcassets */ = {isa = PBXFileReference; lastKnownFileType = folder.assetcatalog; path = "Preview Assets.xcassets"; sourceTree = "<group>"; };
		F9DCC06C2881A7490091F1BE /* Accessibility-LearningTests.xctest */ = {isa = PBXFileReference; explicitFileType = wrapper.cfbundle; includeInIndex = 0; path = "Accessibility-LearningTests.xctest"; sourceTree = BUILT_PRODUCTS_DIR; };
		F9DCC0702881A7490091F1BE /* Accessibility_LearningTests.swift */ = {isa = PBXFileReference; lastKnownFileType = sourcecode.swift; path = Accessibility_LearningTests.swift; sourceTree = "<group>"; };
		F9DCC0762881A7490091F1BE /* Accessibility-LearningUITests.xctest */ = {isa = PBXFileReference; explicitFileType = wrapper.cfbundle; includeInIndex = 0; path = "Accessibility-LearningUITests.xctest"; sourceTree = BUILT_PRODUCTS_DIR; };
		F9DCC07A2881A7490091F1BE /* Accessibility_LearningUITests.swift */ = {isa = PBXFileReference; lastKnownFileType = sourcecode.swift; path = Accessibility_LearningUITests.swift; sourceTree = "<group>"; };
		F9DCC07C2881A7490091F1BE /* Accessibility_LearningUITestsLaunchTests.swift */ = {isa = PBXFileReference; lastKnownFileType = sourcecode.swift; path = Accessibility_LearningUITestsLaunchTests.swift; sourceTree = "<group>"; };
		F9DCC08A2881E9D10091F1BE /* IdentifyingViews.swift */ = {isa = PBXFileReference; lastKnownFileType = sourcecode.swift; path = IdentifyingViews.swift; sourceTree = "<group>"; };
/* End PBXFileReference section */

/* Begin PBXFrameworksBuildPhase section */
		F9DCC0592881A7470091F1BE /* Frameworks */ = {
			isa = PBXFrameworksBuildPhase;
			buildActionMask = 2147483647;
			files = (
			);
			runOnlyForDeploymentPostprocessing = 0;
		};
		F9DCC0692881A7490091F1BE /* Frameworks */ = {
			isa = PBXFrameworksBuildPhase;
			buildActionMask = 2147483647;
			files = (
			);
			runOnlyForDeploymentPostprocessing = 0;
		};
		F9DCC0732881A7490091F1BE /* Frameworks */ = {
			isa = PBXFrameworksBuildPhase;
			buildActionMask = 2147483647;
			files = (
			);
			runOnlyForDeploymentPostprocessing = 0;
		};
/* End PBXFrameworksBuildPhase section */

/* Begin PBXGroup section */
		F9DCC0532881A7470091F1BE = {
			isa = PBXGroup;
			children = (
				F9DCC05E2881A7470091F1BE /* Accessibility-Learning */,
				F9DCC06F2881A7490091F1BE /* Accessibility-LearningTests */,
				F9DCC0792881A7490091F1BE /* Accessibility-LearningUITests */,
				F9DCC05D2881A7470091F1BE /* Products */,
			);
			sourceTree = "<group>";
		};
		F9DCC05D2881A7470091F1BE /* Products */ = {
			isa = PBXGroup;
			children = (
				F9DCC05C2881A7470091F1BE /* Accessibility-Learning.app */,
				F9DCC06C2881A7490091F1BE /* Accessibility-LearningTests.xctest */,
				F9DCC0762881A7490091F1BE /* Accessibility-LearningUITests.xctest */,
			);
			name = Products;
			sourceTree = "<group>";
		};
		F9DCC05E2881A7470091F1BE /* Accessibility-Learning */ = {
			isa = PBXGroup;
			children = (
				F9DCC0892881E9B30091F1BE /* Learning */,
				F9DCC05F2881A7470091F1BE /* Accessibility_LearningApp.swift */,
				F9DCC0612881A7470091F1BE /* ContentView.swift */,
				F9DCC0632881A7490091F1BE /* Assets.xcassets */,
				F9DCC0652881A7490091F1BE /* Preview Content */,
			);
			path = "Accessibility-Learning";
			sourceTree = "<group>";
		};
		F9DCC0652881A7490091F1BE /* Preview Content */ = {
			isa = PBXGroup;
			children = (
				F9DCC0662881A7490091F1BE /* Preview Assets.xcassets */,
			);
			path = "Preview Content";
			sourceTree = "<group>";
		};
		F9DCC06F2881A7490091F1BE /* Accessibility-LearningTests */ = {
			isa = PBXGroup;
			children = (
				F9DCC0702881A7490091F1BE /* Accessibility_LearningTests.swift */,
			);
			path = "Accessibility-LearningTests";
			sourceTree = "<group>";
		};
		F9DCC0792881A7490091F1BE /* Accessibility-LearningUITests */ = {
			isa = PBXGroup;
			children = (
				F9DCC07A2881A7490091F1BE /* Accessibility_LearningUITests.swift */,
				F9DCC07C2881A7490091F1BE /* Accessibility_LearningUITestsLaunchTests.swift */,
			);
			path = "Accessibility-LearningUITests";
			sourceTree = "<group>";
		};
		F9DCC0892881E9B30091F1BE /* Learning */ = {
			isa = PBXGroup;
			children = (
				F9DCC08A2881E9D10091F1BE /* IdentifyingViews.swift */,
			);
			path = Learning;
			sourceTree = "<group>";
		};
/* End PBXGroup section */

/* Begin PBXNativeTarget section */
		F9DCC05B2881A7470091F1BE /* Accessibility-Learning */ = {
			isa = PBXNativeTarget;
			buildConfigurationList = F9DCC0802881A7490091F1BE /* Build configuration list for PBXNativeTarget "Accessibility-Learning" */;
			buildPhases = (
				F9DCC0582881A7470091F1BE /* Sources */,
				F9DCC0592881A7470091F1BE /* Frameworks */,
				F9DCC05A2881A7470091F1BE /* Resources */,
			);
			buildRules = (
			);
			dependencies = (
			);
			name = "Accessibility-Learning";
			productName = "Accessibility-Learning";
			productReference = F9DCC05C2881A7470091F1BE /* Accessibility-Learning.app */;
			productType = "com.apple.product-type.application";
		};
		F9DCC06B2881A7490091F1BE /* Accessibility-LearningTests */ = {
			isa = PBXNativeTarget;
			buildConfigurationList = F9DCC0832881A7490091F1BE /* Build configuration list for PBXNativeTarget "Accessibility-LearningTests" */;
			buildPhases = (
				F9DCC0682881A7490091F1BE /* Sources */,
				F9DCC0692881A7490091F1BE /* Frameworks */,
				F9DCC06A2881A7490091F1BE /* Resources */,
			);
			buildRules = (
			);
			dependencies = (
				F9DCC06E2881A7490091F1BE /* PBXTargetDependency */,
			);
			name = "Accessibility-LearningTests";
			productName = "Accessibility-LearningTests";
			productReference = F9DCC06C2881A7490091F1BE /* Accessibility-LearningTests.xctest */;
			productType = "com.apple.product-type.bundle.unit-test";
		};
		F9DCC0752881A7490091F1BE /* Accessibility-LearningUITests */ = {
			isa = PBXNativeTarget;
			buildConfigurationList = F9DCC0862881A7490091F1BE /* Build configuration list for PBXNativeTarget "Accessibility-LearningUITests" */;
			buildPhases = (
				F9DCC0722881A7490091F1BE /* Sources */,
				F9DCC0732881A7490091F1BE /* Frameworks */,
				F9DCC0742881A7490091F1BE /* Resources */,
			);
			buildRules = (
			);
			dependencies = (
				F9DCC0782881A7490091F1BE /* PBXTargetDependency */,
			);
			name = "Accessibility-LearningUITests";
			productName = "Accessibility-LearningUITests";
			productReference = F9DCC0762881A7490091F1BE /* Accessibility-LearningUITests.xctest */;
			productType = "com.apple.product-type.bundle.ui-testing";
		};
/* End PBXNativeTarget section */

/* Begin PBXProject section */
		F9DCC0542881A7470091F1BE /* Project object */ = {
			isa = PBXProject;
			attributes = {
				BuildIndependentTargetsInParallel = 1;
				LastSwiftUpdateCheck = 1340;
				LastUpgradeCheck = 1340;
				TargetAttributes = {
					F9DCC05B2881A7470091F1BE = {
						CreatedOnToolsVersion = 13.4.1;
					};
					F9DCC06B2881A7490091F1BE = {
						CreatedOnToolsVersion = 13.4.1;
						TestTargetID = F9DCC05B2881A7470091F1BE;
					};
					F9DCC0752881A7490091F1BE = {
						CreatedOnToolsVersion = 13.4.1;
						TestTargetID = F9DCC05B2881A7470091F1BE;
					};
				};
			};
			buildConfigurationList = F9DCC0572881A7470091F1BE /* Build configuration list for PBXProject "Accessibility-Learning" */;
			compatibilityVersion = "Xcode 13.0";
			developmentRegion = en;
			hasScannedForEncodings = 0;
			knownRegions = (
				en,
				Base,
			);
			mainGroup = F9DCC0532881A7470091F1BE;
			productRefGroup = F9DCC05D2881A7470091F1BE /* Products */;
			projectDirPath = "";
			projectRoot = "";
			targets = (
				F9DCC05B2881A7470091F1BE /* Accessibility-Learning */,
				F9DCC06B2881A7490091F1BE /* Accessibility-LearningTests */,
				F9DCC0752881A7490091F1BE /* Accessibility-LearningUITests */,
			);
		};
/* End PBXProject section */

/* Begin PBXResourcesBuildPhase section */
		F9DCC05A2881A7470091F1BE /* Resources */ = {
			isa = PBXResourcesBuildPhase;
			buildActionMask = 2147483647;
			files = (
				F9DCC0672881A7490091F1BE /* Preview Assets.xcassets in Resources */,
				F9DCC0642881A7490091F1BE /* Assets.xcassets in Resources */,
			);
			runOnlyForDeploymentPostprocessing = 0;
		};
		F9DCC06A2881A7490091F1BE /* Resources */ = {
			isa = PBXResourcesBuildPhase;
			buildActionMask = 2147483647;
			files = (
			);
			runOnlyForDeploymentPostprocessing = 0;
		};
		F9DCC0742881A7490091F1BE /* Resources */ = {
			isa = PBXResourcesBuildPhase;
			buildActionMask = 2147483647;
			files = (
			);
			runOnlyForDeploymentPostprocessing = 0;
		};
/* End PBXResourcesBuildPhase section */

/* Begin PBXSourcesBuildPhase section */
		F9DCC0582881A7470091F1BE /* Sources */ = {
			isa = PBXSourcesBuildPhase;
			buildActionMask = 2147483647;
			files = (
				F9DCC0622881A7470091F1BE /* ContentView.swift in Sources */,
				F9DCC08B2881E9D10091F1BE /* IdentifyingViews.swift in Sources */,
				F9DCC0602881A7470091F1BE /* Accessibility_LearningApp.swift in Sources */,
			);
			runOnlyForDeploymentPostprocessing = 0;
		};
		F9DCC0682881A7490091F1BE /* Sources */ = {
			isa = PBXSourcesBuildPhase;
			buildActionMask = 2147483647;
			files = (
				F9DCC0712881A7490091F1BE /* Accessibility_LearningTests.swift in Sources */,
			);
			runOnlyForDeploymentPostprocessing = 0;
		};
		F9DCC0722881A7490091F1BE /* Sources */ = {
			isa = PBXSourcesBuildPhase;
			buildActionMask = 2147483647;
			files = (
				F9DCC07B2881A7490091F1BE /* Accessibility_LearningUITests.swift in Sources */,
				F9DCC07D2881A7490091F1BE /* Accessibility_LearningUITestsLaunchTests.swift in Sources */,
			);
			runOnlyForDeploymentPostprocessing = 0;
		};
/* End PBXSourcesBuildPhase section */

/* Begin PBXTargetDependency section */
		F9DCC06E2881A7490091F1BE /* PBXTargetDependency */ = {
			isa = PBXTargetDependency;
			target = F9DCC05B2881A7470091F1BE /* Accessibility-Learning */;
			targetProxy = F9DCC06D2881A7490091F1BE /* PBXContainerItemProxy */;
		};
		F9DCC0782881A7490091F1BE /* PBXTargetDependency */ = {
			isa = PBXTargetDependency;
			target = F9DCC05B2881A7470091F1BE /* Accessibility-Learning */;
			targetProxy = F9DCC0772881A7490091F1BE /* PBXContainerItemProxy */;
		};
/* End PBXTargetDependency section */

/* Begin XCBuildConfiguration section */
		F9DCC07E2881A7490091F1BE /* Debug */ = {
			isa = XCBuildConfiguration;
			buildSettings = {
				ALWAYS_SEARCH_USER_PATHS = NO;
				CLANG_ANALYZER_NONNULL = YES;
				CLANG_ANALYZER_NUMBER_OBJECT_CONVERSION = YES_AGGRESSIVE;
				CLANG_CXX_LANGUAGE_STANDARD = "gnu++17";
				CLANG_ENABLE_MODULES = YES;
				CLANG_ENABLE_OBJC_ARC = YES;
				CLANG_ENABLE_OBJC_WEAK = YES;
				CLANG_WARN_BLOCK_CAPTURE_AUTORELEASING = YES;
				CLANG_WARN_BOOL_CONVERSION = YES;
				CLANG_WARN_COMMA = YES;
				CLANG_WARN_CONSTANT_CONVERSION = YES;
				CLANG_WARN_DEPRECATED_OBJC_IMPLEMENTATIONS = YES;
				CLANG_WARN_DIRECT_OBJC_ISA_USAGE = YES_ERROR;
				CLANG_WARN_DOCUMENTATION_COMMENTS = YES;
				CLANG_WARN_EMPTY_BODY = YES;
				CLANG_WARN_ENUM_CONVERSION = YES;
				CLANG_WARN_INFINITE_RECURSION = YES;
				CLANG_WARN_INT_CONVERSION = YES;
				CLANG_WARN_NON_LITERAL_NULL_CONVERSION = YES;
				CLANG_WARN_OBJC_IMPLICIT_RETAIN_SELF = YES;
				CLANG_WARN_OBJC_LITERAL_CONVERSION = YES;
				CLANG_WARN_OBJC_ROOT_CLASS = YES_ERROR;
				CLANG_WARN_QUOTED_INCLUDE_IN_FRAMEWORK_HEADER = YES;
				CLANG_WARN_RANGE_LOOP_ANALYSIS = YES;
				CLANG_WARN_STRICT_PROTOTYPES = YES;
				CLANG_WARN_SUSPICIOUS_MOVE = YES;
				CLANG_WARN_UNGUARDED_AVAILABILITY = YES_AGGRESSIVE;
				CLANG_WARN_UNREACHABLE_CODE = YES;
				CLANG_WARN__DUPLICATE_METHOD_MATCH = YES;
				COPY_PHASE_STRIP = NO;
				DEBUG_INFORMATION_FORMAT = dwarf;
				ENABLE_STRICT_OBJC_MSGSEND = YES;
				ENABLE_TESTABILITY = YES;
				GCC_C_LANGUAGE_STANDARD = gnu11;
				GCC_DYNAMIC_NO_PIC = NO;
				GCC_NO_COMMON_BLOCKS = YES;
				GCC_OPTIMIZATION_LEVEL = 0;
				GCC_PREPROCESSOR_DEFINITIONS = (
					"DEBUG=1",
					"$(inherited)",
				);
				GCC_WARN_64_TO_32_BIT_CONVERSION = YES;
				GCC_WARN_ABOUT_RETURN_TYPE = YES_ERROR;
				GCC_WARN_UNDECLARED_SELECTOR = YES;
				GCC_WARN_UNINITIALIZED_AUTOS = YES_AGGRESSIVE;
				GCC_WARN_UNUSED_FUNCTION = YES;
				GCC_WARN_UNUSED_VARIABLE = YES;
				IPHONEOS_DEPLOYMENT_TARGET = 15.5;
				MTL_ENABLE_DEBUG_INFO = INCLUDE_SOURCE;
				MTL_FAST_MATH = YES;
				ONLY_ACTIVE_ARCH = YES;
				SDKROOT = iphoneos;
				SWIFT_ACTIVE_COMPILATION_CONDITIONS = DEBUG;
				SWIFT_OPTIMIZATION_LEVEL = "-Onone";
			};
			name = Debug;
		};
		F9DCC07F2881A7490091F1BE /* Release */ = {
			isa = XCBuildConfiguration;
			buildSettings = {
				ALWAYS_SEARCH_USER_PATHS = NO;
				CLANG_ANALYZER_NONNULL = YES;
				CLANG_ANALYZER_NUMBER_OBJECT_CONVERSION = YES_AGGRESSIVE;
				CLANG_CXX_LANGUAGE_STANDARD = "gnu++17";
				CLANG_ENABLE_MODULES = YES;
				CLANG_ENABLE_OBJC_ARC = YES;
				CLANG_ENABLE_OBJC_WEAK = YES;
				CLANG_WARN_BLOCK_CAPTURE_AUTORELEASING = YES;
				CLANG_WARN_BOOL_CONVERSION = YES;
				CLANG_WARN_COMMA = YES;
				CLANG_WARN_CONSTANT_CONVERSION = YES;
				CLANG_WARN_DEPRECATED_OBJC_IMPLEMENTATIONS = YES;
				CLANG_WARN_DIRECT_OBJC_ISA_USAGE = YES_ERROR;
				CLANG_WARN_DOCUMENTATION_COMMENTS = YES;
				CLANG_WARN_EMPTY_BODY = YES;
				CLANG_WARN_ENUM_CONVERSION = YES;
				CLANG_WARN_INFINITE_RECURSION = YES;
				CLANG_WARN_INT_CONVERSION = YES;
				CLANG_WARN_NON_LITERAL_NULL_CONVERSION = YES;
				CLANG_WARN_OBJC_IMPLICIT_RETAIN_SELF = YES;
				CLANG_WARN_OBJC_LITERAL_CONVERSION = YES;
				CLANG_WARN_OBJC_ROOT_CLASS = YES_ERROR;
				CLANG_WARN_QUOTED_INCLUDE_IN_FRAMEWORK_HEADER = YES;
				CLANG_WARN_RANGE_LOOP_ANALYSIS = YES;
				CLANG_WARN_STRICT_PROTOTYPES = YES;
				CLANG_WARN_SUSPICIOUS_MOVE = YES;
				CLANG_WARN_UNGUARDED_AVAILABILITY = YES_AGGRESSIVE;
				CLANG_WARN_UNREACHABLE_CODE = YES;
				CLANG_WARN__DUPLICATE_METHOD_MATCH = YES;
				COPY_PHASE_STRIP = NO;
				DEBUG_INFORMATION_FORMAT = "dwarf-with-dsym";
				ENABLE_NS_ASSERTIONS = NO;
				ENABLE_STRICT_OBJC_MSGSEND = YES;
				GCC_C_LANGUAGE_STANDARD = gnu11;
				GCC_NO_COMMON_BLOCKS = YES;
				GCC_WARN_64_TO_32_BIT_CONVERSION = YES;
				GCC_WARN_ABOUT_RETURN_TYPE = YES_ERROR;
				GCC_WARN_UNDECLARED_SELECTOR = YES;
				GCC_WARN_UNINITIALIZED_AUTOS = YES_AGGRESSIVE;
				GCC_WARN_UNUSED_FUNCTION = YES;
				GCC_WARN_UNUSED_VARIABLE = YES;
				IPHONEOS_DEPLOYMENT_TARGET = 15.5;
				MTL_ENABLE_DEBUG_INFO = NO;
				MTL_FAST_MATH = YES;
				SDKROOT = iphoneos;
				SWIFT_COMPILATION_MODE = wholemodule;
				SWIFT_OPTIMIZATION_LEVEL = "-O";
				VALIDATE_PRODUCT = YES;
			};
			name = Release;
		};
		F9DCC0812881A7490091F1BE /* Debug */ = {
			isa = XCBuildConfiguration;
			buildSettings = {
				ASSETCATALOG_COMPILER_APPICON_NAME = AppIcon;
				ASSETCATALOG_COMPILER_GLOBAL_ACCENT_COLOR_NAME = AccentColor;
				CODE_SIGN_STYLE = Automatic;
				CURRENT_PROJECT_VERSION = 1;
				DEVELOPMENT_ASSET_PATHS = "\"Accessibility-Learning/Preview Content\"";
				DEVELOPMENT_TEAM = E2D87XL9X7;
				ENABLE_PREVIEWS = YES;
				GENERATE_INFOPLIST_FILE = YES;
				INFOPLIST_KEY_UIApplicationSceneManifest_Generation = YES;
				INFOPLIST_KEY_UIApplicationSupportsIndirectInputEvents = YES;
				INFOPLIST_KEY_UILaunchScreen_Generation = YES;
				INFOPLIST_KEY_UISupportedInterfaceOrientations_iPad = "UIInterfaceOrientationPortrait UIInterfaceOrientationPortraitUpsideDown UIInterfaceOrientationLandscapeLeft UIInterfaceOrientationLandscapeRight";
				INFOPLIST_KEY_UISupportedInterfaceOrientations_iPhone = "UIInterfaceOrientationPortrait UIInterfaceOrientationLandscapeLeft UIInterfaceOrientationLandscapeRight";
				LD_RUNPATH_SEARCH_PATHS = (
					"$(inherited)",
					"@executable_path/Frameworks",
				);
				MARKETING_VERSION = 1.0;
				PRODUCT_BUNDLE_IDENTIFIER = "com.takasur.Accessibility-Learning";
				PRODUCT_NAME = "$(TARGET_NAME)";
				SWIFT_EMIT_LOC_STRINGS = YES;
				SWIFT_VERSION = 5.0;
				TARGETED_DEVICE_FAMILY = "1,2";
			};
			name = Debug;
		};
		F9DCC0822881A7490091F1BE /* Release */ = {
			isa = XCBuildConfiguration;
			buildSettings = {
				ASSETCATALOG_COMPILER_APPICON_NAME = AppIcon;
				ASSETCATALOG_COMPILER_GLOBAL_ACCENT_COLOR_NAME = AccentColor;
				CODE_SIGN_STYLE = Automatic;
				CURRENT_PROJECT_VERSION = 1;
				DEVELOPMENT_ASSET_PATHS = "\"Accessibility-Learning/Preview Content\"";
				DEVELOPMENT_TEAM = E2D87XL9X7;
				ENABLE_PREVIEWS = YES;
				GENERATE_INFOPLIST_FILE = YES;
				INFOPLIST_KEY_UIApplicationSceneManifest_Generation = YES;
				INFOPLIST_KEY_UIApplicationSupportsIndirectInputEvents = YES;
				INFOPLIST_KEY_UILaunchScreen_Generation = YES;
				INFOPLIST_KEY_UISupportedInterfaceOrientations_iPad = "UIInterfaceOrientationPortrait UIInterfaceOrientationPortraitUpsideDown UIInterfaceOrientationLandscapeLeft UIInterfaceOrientationLandscapeRight";
				INFOPLIST_KEY_UISupportedInterfaceOrientations_iPhone = "UIInterfaceOrientationPortrait UIInterfaceOrientationLandscapeLeft UIInterfaceOrientationLandscapeRight";
				LD_RUNPATH_SEARCH_PATHS = (
					"$(inherited)",
					"@executable_path/Frameworks",
				);
				MARKETING_VERSION = 1.0;
				PRODUCT_BUNDLE_IDENTIFIER = "com.takasur.Accessibility-Learning";
				PRODUCT_NAME = "$(TARGET_NAME)";
				SWIFT_EMIT_LOC_STRINGS = YES;
				SWIFT_VERSION = 5.0;
				TARGETED_DEVICE_FAMILY = "1,2";
			};
			name = Release;
		};
		F9DCC0842881A7490091F1BE /* Debug */ = {
			isa = XCBuildConfiguration;
			buildSettings = {
				ALWAYS_EMBED_SWIFT_STANDARD_LIBRARIES = YES;
				BUNDLE_LOADER = "$(TEST_HOST)";
				CODE_SIGN_STYLE = Automatic;
				CURRENT_PROJECT_VERSION = 1;
				GENERATE_INFOPLIST_FILE = YES;
				IPHONEOS_DEPLOYMENT_TARGET = 15.5;
				MARKETING_VERSION = 1.0;
				PRODUCT_BUNDLE_IDENTIFIER = "com.takasur.Accessibility-LearningTests";
				PRODUCT_NAME = "$(TARGET_NAME)";
				SWIFT_EMIT_LOC_STRINGS = NO;
				SWIFT_VERSION = 5.0;
				TARGETED_DEVICE_FAMILY = "1,2";
				TEST_HOST = "$(BUILT_PRODUCTS_DIR)/Accessibility-Learning.app/Accessibility-Learning";
			};
			name = Debug;
		};
		F9DCC0852881A7490091F1BE /* Release */ = {
			isa = XCBuildConfiguration;
			buildSettings = {
				ALWAYS_EMBED_SWIFT_STANDARD_LIBRARIES = YES;
				BUNDLE_LOADER = "$(TEST_HOST)";
				CODE_SIGN_STYLE = Automatic;
				CURRENT_PROJECT_VERSION = 1;
				GENERATE_INFOPLIST_FILE = YES;
				IPHONEOS_DEPLOYMENT_TARGET = 15.5;
				MARKETING_VERSION = 1.0;
				PRODUCT_BUNDLE_IDENTIFIER = "com.takasur.Accessibility-LearningTests";
				PRODUCT_NAME = "$(TARGET_NAME)";
				SWIFT_EMIT_LOC_STRINGS = NO;
				SWIFT_VERSION = 5.0;
				TARGETED_DEVICE_FAMILY = "1,2";
				TEST_HOST = "$(BUILT_PRODUCTS_DIR)/Accessibility-Learning.app/Accessibility-Learning";
			};
			name = Release;
		};
		F9DCC0872881A7490091F1BE /* Debug */ = {
			isa = XCBuildConfiguration;
			buildSettings = {
				ALWAYS_EMBED_SWIFT_STANDARD_LIBRARIES = YES;
				CODE_SIGN_STYLE = Automatic;
				CURRENT_PROJECT_VERSION = 1;
				GENERATE_INFOPLIST_FILE = YES;
				MARKETING_VERSION = 1.0;
				PRODUCT_BUNDLE_IDENTIFIER = "com.takasur.Accessibility-LearningUITests";
				PRODUCT_NAME = "$(TARGET_NAME)";
				SWIFT_EMIT_LOC_STRINGS = NO;
				SWIFT_VERSION = 5.0;
				TARGETED_DEVICE_FAMILY = "1,2";
				TEST_TARGET_NAME = "Accessibility-Learning";
			};
			name = Debug;
		};
		F9DCC0882881A7490091F1BE /* Release */ = {
			isa = XCBuildConfiguration;
			buildSettings = {
				ALWAYS_EMBED_SWIFT_STANDARD_LIBRARIES = YES;
				CODE_SIGN_STYLE = Automatic;
				CURRENT_PROJECT_VERSION = 1;
				GENERATE_INFOPLIST_FILE = YES;
				MARKETING_VERSION = 1.0;
				PRODUCT_BUNDLE_IDENTIFIER = "com.takasur.Accessibility-LearningUITests";
				PRODUCT_NAME = "$(TARGET_NAME)";
				SWIFT_EMIT_LOC_STRINGS = NO;
				SWIFT_VERSION = 5.0;
				TARGETED_DEVICE_FAMILY = "1,2";
				TEST_TARGET_NAME = "Accessibility-Learning";
			};
			name = Release;
		};
/* End XCBuildConfiguration section */

/* Begin XCConfigurationList section */
		F9DCC0572881A7470091F1BE /* Build configuration list for PBXProject "Accessibility-Learning" */ = {
			isa = XCConfigurationList;
			buildConfigurations = (
				F9DCC07E2881A7490091F1BE /* Debug */,
				F9DCC07F2881A7490091F1BE /* Release */,
			);
			defaultConfigurationIsVisible = 0;
			defaultConfigurationName = Release;
		};
		F9DCC0802881A7490091F1BE /* Build configuration list for PBXNativeTarget "Accessibility-Learning" */ = {
			isa = XCConfigurationList;
			buildConfigurations = (
				F9DCC0812881A7490091F1BE /* Debug */,
				F9DCC0822881A7490091F1BE /* Release */,
			);
			defaultConfigurationIsVisible = 0;
			defaultConfigurationName = Release;
		};
		F9DCC0832881A7490091F1BE /* Build configuration list for PBXNativeTarget "Accessibility-LearningTests" */ = {
			isa = XCConfigurationList;
			buildConfigurations = (
				F9DCC0842881A7490091F1BE /* Debug */,
				F9DCC0852881A7490091F1BE /* Release */,
			);
			defaultConfigurationIsVisible = 0;
			defaultConfigurationName = Release;
		};
		F9DCC0862881A7490091F1BE /* Build configuration list for PBXNativeTarget "Accessibility-LearningUITests" */ = {
			isa = XCConfigurationList;
			buildConfigurations = (
				F9DCC0872881A7490091F1BE /* Debug */,
				F9DCC0882881A7490091F1BE /* Release */,
			);
			defaultConfigurationIsVisible = 0;
			defaultConfigurationName = Release;
		};
/* End XCConfigurationList section */
	};
	rootObject = F9DCC0542881A7470091F1BE /* Project object */;
}
